
Microsoft Visual Studio Solution File, Format Version 12.00
# Visual Studio Version 17
VisualStudioVersion = 17.1.31911.260
MinimumVisualStudioVersion = 10.0.40219.1
Project("{2150E333-8FDC-42A3-9474-1A3956D46DE8}") = "99. Tests", "99. Tests", "{02EA681E-C7D8-13C7-8484-4AC65E1B71E8}"
EndProject
Project("{FAE04EC0-301F-11D3-BF4B-00C04F79EFBC}") = "CodeGator.Logging", "CodeGator.Logging\CodeGator.Logging.csproj", "{B1958D76-D400-7F87-8A8B-42CA2F127E21}"
EndProject
Project("{FAE04EC0-301F-11D3-BF4B-00C04F79EFBC}") = "CodeGator.Logging.UnitTests", "..\tests\CodeGator.Logging.UnitTests\CodeGator.Logging.UnitTests.csproj", "{A664CF2F-C6A2-42BB-9422-6A33137E66E8}"
EndProject
Global
	GlobalSection(SolutionConfigurationPlatforms) = preSolution
		Debug|Any CPU = Debug|Any CPU
		Release|Any CPU = Release|Any CPU
	EndGlobalSection
	GlobalSection(ProjectConfigurationPlatforms) = postSolution
		{B1958D76-D400-7F87-8A8B-42CA2F127E21}.Debug|Any CPU.ActiveCfg = Debug|Any CPU
		{B1958D76-D400-7F87-8A8B-42CA2F127E21}.Debug|Any CPU.Build.0 = Debug|Any CPU
		{B1958D76-D400-7F87-8A8B-42CA2F127E21}.Release|Any CPU.ActiveCfg = Release|Any CPU
		{B1958D76-D400-7F87-8A8B-42CA2F127E21}.Release|Any CPU.Build.0 = Release|Any CPU
		{A664CF2F-C6A2-42BB-9422-6A33137E66E8}.Debug|Any CPU.ActiveCfg = Debug|Any CPU
		{A664CF2F-C6A2-42BB-9422-6A33137E66E8}.Debug|Any CPU.Build.0 = Debug|Any CPU
		{A664CF2F-C6A2-42BB-9422-6A33137E66E8}.Release|Any CPU.ActiveCfg = Release|Any CPU
		{A664CF2F-C6A2-42BB-9422-6A33137E66E8}.Release|Any CPU.Build.0 = Release|Any CPU
	EndGlobalSection
	GlobalSection(SolutionProperties) = preSolution
		HideSolutionNode = FALSE
	EndGlobalSection
	GlobalSection(NestedProjects) = preSolution
		{A664CF2F-C6A2-42BB-9422-6A33137E66E8} = {02EA681E-C7D8-13C7-8484-4AC65E1B71E8}
	EndGlobalSection
	GlobalSection(ExtensibilityGlobals) = postSolution
		SolutionGuid = {EEC32BA8-889C-4B43-9C02-A0A4AA7DFE38}
	EndGlobalSection
EndGlobal
